
Microsoft Visual Studio Solution File, Format Version 12.00
# Visual Studio 14
VisualStudioVersion = 14.0.25420.1
MinimumVisualStudioVersion = 10.0.40219.1
Project("{FAE04EC0-301F-11D3-BF4B-00C04F79EFBC}") = "PracticeStore", "PracticeStore\PracticeStore.csproj", "{0B0DC957-3D8F-4056-A92D-C4A42DF00EB3}"
EndProject
Project("{FAE04EC0-301F-11D3-BF4B-00C04F79EFBC}") = "PracticeStore.Tests", "PracticeStore.Tests\PracticeStore.Tests.csproj", "{50C83A66-F20C-4D37-9BF3-5D5157F47E94}"
EndProject
Global
	GlobalSection(SolutionConfigurationPlatforms) = preSolution
		Debug|Any CPU = Debug|Any CPU
		Release|Any CPU = Release|Any CPU
	EndGlobalSection
	GlobalSection(ProjectConfigurationPlatforms) = postSolution
		{0B0DC957-3D8F-4056-A92D-C4A42DF00EB3}.Debug|Any CPU.ActiveCfg = Debug|Any CPU
		{0B0DC957-3D8F-4056-A92D-C4A42DF00EB3}.Debug|Any CPU.Build.0 = Debug|Any CPU
		{0B0DC957-3D8F-4056-A92D-C4A42DF00EB3}.Release|Any CPU.ActiveCfg = Release|Any CPU
		{0B0DC957-3D8F-4056-A92D-C4A42DF00EB3}.Release|Any CPU.Build.0 = Release|Any CPU
		{50C83A66-F20C-4D37-9BF3-5D5157F47E94}.Debug|Any CPU.ActiveCfg = Debug|Any CPU
		{50C83A66-F20C-4D37-9BF3-5D5157F47E94}.Debug|Any CPU.Build.0 = Debug|Any CPU
		{50C83A66-F20C-4D37-9BF3-5D5157F47E94}.Release|Any CPU.ActiveCfg = Release|Any CPU
		{50C83A66-F20C-4D37-9BF3-5D5157F47E94}.Release|Any CPU.Build.0 = Release|Any CPU
	EndGlobalSection
	GlobalSection(SolutionProperties) = preSolution
		HideSolutionNode = FALSE
	EndGlobalSection
EndGlobal
